
Microsoft Visual Studio Solution File, Format Version 12.00
# Visual Studio Version 16
VisualStudioVersion = 16.0.29411.108
MinimumVisualStudioVersion = 10.0.40219.1
Project("{FAE04EC0-301F-11D3-BF4B-00C04F79EFBC}") = "CSC_A2", "CSC_A2\CSC_A2.csproj", "{C982FEB7-0D34-42C1-A947-C78C3C73F7EE}"
EndProject
Global
	GlobalSection(SolutionConfigurationPlatforms) = preSolution
		Debug|Any CPU = Debug|Any CPU
		Release|Any CPU = Release|Any CPU
	EndGlobalSection
	GlobalSection(ProjectConfigurationPlatforms) = postSolution
		{C982FEB7-0D34-42C1-A947-C78C3C73F7EE}.Debug|Any CPU.ActiveCfg = Debug|Any CPU
		{C982FEB7-0D34-42C1-A947-C78C3C73F7EE}.Debug|Any CPU.Build.0 = Debug|Any CPU
		{C982FEB7-0D34-42C1-A947-C78C3C73F7EE}.Release|Any CPU.ActiveCfg = Release|Any CPU
		{C982FEB7-0D34-42C1-A947-C78C3C73F7EE}.Release|Any CPU.Build.0 = Release|Any CPU
	EndGlobalSection
	GlobalSection(SolutionProperties) = preSolution
		HideSolutionNode = FALSE
	EndGlobalSection
	GlobalSection(ExtensibilityGlobals) = postSolution
		SolutionGuid = {7711D39F-A0DA-4865-A85B-C262FA65CC8D}
	EndGlobalSection
EndGlobal
